
Microsoft Visual Studio Solution File, Format Version 11.00
# Visual Studio 2010
Project("{FAE04EC0-301F-11D3-BF4B-00C04F79EFBC}") = "Log4Error", "..\src\Log4Error\Log4Error.csproj", "{29B0E559-B1C3-4866-A9E4-226B5BB6D5D3}"
EndProject
Project("{FAE04EC0-301F-11D3-BF4B-00C04F79EFBC}") = "UnitTests", "..\tests\UnitTests\UnitTests.csproj", "{836DF840-CAEE-448D-952C-7925E41C3AF9}"
EndProject
Global
	GlobalSection(SolutionConfigurationPlatforms) = preSolution
		Debug|Any CPU = Debug|Any CPU
		Release|Any CPU = Release|Any CPU
	EndGlobalSection
	GlobalSection(ProjectConfigurationPlatforms) = postSolution
		{29B0E559-B1C3-4866-A9E4-226B5BB6D5D3}.Debug|Any CPU.ActiveCfg = Debug|Any CPU
		{29B0E559-B1C3-4866-A9E4-226B5BB6D5D3}.Debug|Any CPU.Build.0 = Debug|Any CPU
		{29B0E559-B1C3-4866-A9E4-226B5BB6D5D3}.Release|Any CPU.ActiveCfg = Release|Any CPU
		{29B0E559-B1C3-4866-A9E4-226B5BB6D5D3}.Release|Any CPU.Build.0 = Release|Any CPU
		{836DF840-CAEE-448D-952C-7925E41C3AF9}.Debug|Any CPU.ActiveCfg = Debug|Any CPU
		{836DF840-CAEE-448D-952C-7925E41C3AF9}.Debug|Any CPU.Build.0 = Debug|Any CPU
		{836DF840-CAEE-448D-952C-7925E41C3AF9}.Release|Any CPU.ActiveCfg = Release|Any CPU
		{836DF840-CAEE-448D-952C-7925E41C3AF9}.Release|Any CPU.Build.0 = Release|Any CPU
	EndGlobalSection
	GlobalSection(SolutionProperties) = preSolution
		HideSolutionNode = FALSE
	EndGlobalSection
EndGlobal
